
Microsoft Visual Studio Solution File, Format Version 12.00
# Visual Studio Version 17
VisualStudioVersion = 17.5.002.0
MinimumVisualStudioVersion = 10.0.40219.1
Project("{9A19103F-16F7-4668-BE54-9A1E7A4F7556}") = "PriceTracker", "PriceTracker.csproj", "{0366684A-29D5-43D8-894C-518EBA4D66CB}"
EndProject
Global
	GlobalSection(SolutionConfigurationPlatforms) = preSolution
		Debug|Any CPU = Debug|Any CPU
		Release|Any CPU = Release|Any CPU
	EndGlobalSection
	GlobalSection(ProjectConfigurationPlatforms) = postSolution
		{0366684A-29D5-43D8-894C-518EBA4D66CB}.Debug|Any CPU.ActiveCfg = Debug|Any CPU
		{0366684A-29D5-43D8-894C-518EBA4D66CB}.Debug|Any CPU.Build.0 = Debug|Any CPU
		{0366684A-29D5-43D8-894C-518EBA4D66CB}.Release|Any CPU.ActiveCfg = Release|Any CPU
		{0366684A-29D5-43D8-894C-518EBA4D66CB}.Release|Any CPU.Build.0 = Release|Any CPU
	EndGlobalSection
	GlobalSection(SolutionProperties) = preSolution
		HideSolutionNode = FALSE
	EndGlobalSection
	GlobalSection(ExtensibilityGlobals) = postSolution
		SolutionGuid = {C6229E41-7BE9-4108-B23D-330DDC5157C1}
	EndGlobalSection
EndGlobal
